
Microsoft Visual Studio Solution File, Format Version 12.00
# Visual Studio Version 16
VisualStudioVersion = 16.0.31205.134
MinimumVisualStudioVersion = 10.0.40219.1
Project("{FAE04EC0-301F-11D3-BF4B-00C04F79EFBC}") = "1-mimicApi-study-test", "1-mimicApi-study-test\1-mimicApi-study-test.csproj", "{9B6AC3EC-0F7D-4819-AAED-4CC466611E71}"
EndProject
Global
	GlobalSection(SolutionConfigurationPlatforms) = preSolution
		Debug|Any CPU = Debug|Any CPU
		Release|Any CPU = Release|Any CPU
	EndGlobalSection
	GlobalSection(ProjectConfigurationPlatforms) = postSolution
		{9B6AC3EC-0F7D-4819-AAED-4CC466611E71}.Debug|Any CPU.ActiveCfg = Debug|Any CPU
		{9B6AC3EC-0F7D-4819-AAED-4CC466611E71}.Debug|Any CPU.Build.0 = Debug|Any CPU
		{9B6AC3EC-0F7D-4819-AAED-4CC466611E71}.Release|Any CPU.ActiveCfg = Release|Any CPU
		{9B6AC3EC-0F7D-4819-AAED-4CC466611E71}.Release|Any CPU.Build.0 = Release|Any CPU
	EndGlobalSection
	GlobalSection(SolutionProperties) = preSolution
		HideSolutionNode = FALSE
	EndGlobalSection
	GlobalSection(ExtensibilityGlobals) = postSolution
		SolutionGuid = {8BFA2980-0336-4E17-A198-5295B59B2116}
	EndGlobalSection
EndGlobal
